
Microsoft Visual Studio Solution File, Format Version 12.00
# Visual Studio Version 17
VisualStudioVersion = 17.9.34701.34
MinimumVisualStudioVersion = 10.0.40219.1
Project("{FAE04EC0-301F-11D3-BF4B-00C04F79EFBC}") = "Lunaris2", "Bot/Lunaris2.csproj", "{3A16FD4C-EE50-4B05-9A75-0DDCD93AA615}"
EndProject
Global
	GlobalSection(SolutionConfigurationPlatforms) = preSolution
		Debug|Any CPU = Debug|Any CPU
		Release|Any CPU = Release|Any CPU
	EndGlobalSection
	GlobalSection(ProjectConfigurationPlatforms) = postSolution
		{3A16FD4C-EE50-4B05-9A75-0DDCD93AA615}.Debug|Any CPU.ActiveCfg = Debug|Any CPU
		{3A16FD4C-EE50-4B05-9A75-0DDCD93AA615}.Debug|Any CPU.Build.0 = Debug|Any CPU
		{3A16FD4C-EE50-4B05-9A75-0DDCD93AA615}.Release|Any CPU.ActiveCfg = Release|Any CPU
		{3A16FD4C-EE50-4B05-9A75-0DDCD93AA615}.Release|Any CPU.Build.0 = Release|Any CPU
	EndGlobalSection
	GlobalSection(SolutionProperties) = preSolution
		HideSolutionNode = FALSE
	EndGlobalSection
	GlobalSection(ExtensibilityGlobals) = postSolution
		SolutionGuid = {4E738D71-9DB0-456E-9BF2-0CE3FED1DE44}
	EndGlobalSection
EndGlobal
